
Microsoft Visual Studio Solution File, Format Version 12.00
# Visual Studio 14
VisualStudioVersion = 14.0.25420.1
MinimumVisualStudioVersion = 10.0.40219.1
Project("{FAE04EC0-301F-11D3-BF4B-00C04F79EFBC}") = "ThiDieuLenh", "ThiDieuLenh\ThiDieuLenh.csproj", "{BFDCCA02-7C6D-46A9-A7C5-DA65EE91CDA2}"
EndProject
Project("{FAE04EC0-301F-11D3-BF4B-00C04F79EFBC}") = "ThiDieuLenh.Tests", "ThiDieuLenh.Tests\ThiDieuLenh.Tests.csproj", "{62E081DF-70A1-4DDC-946C-E7CA1F0D3EE9}"
EndProject
Project("{FAE04EC0-301F-11D3-BF4B-00C04F79EFBC}") = "DbDieuLenh", "DbDieuLenh\DbDieuLenh.csproj", "{CEFBA5E5-EA9F-404A-B50E-70FF5C8C96D0}"
EndProject
Global
	GlobalSection(SolutionConfigurationPlatforms) = preSolution
		Debug|Any CPU = Debug|Any CPU
		Release|Any CPU = Release|Any CPU
	EndGlobalSection
	GlobalSection(ProjectConfigurationPlatforms) = postSolution
		{BFDCCA02-7C6D-46A9-A7C5-DA65EE91CDA2}.Debug|Any CPU.ActiveCfg = Debug|Any CPU
		{BFDCCA02-7C6D-46A9-A7C5-DA65EE91CDA2}.Debug|Any CPU.Build.0 = Debug|Any CPU
		{BFDCCA02-7C6D-46A9-A7C5-DA65EE91CDA2}.Release|Any CPU.ActiveCfg = Release|Any CPU
		{BFDCCA02-7C6D-46A9-A7C5-DA65EE91CDA2}.Release|Any CPU.Build.0 = Release|Any CPU
		{62E081DF-70A1-4DDC-946C-E7CA1F0D3EE9}.Debug|Any CPU.ActiveCfg = Debug|Any CPU
		{62E081DF-70A1-4DDC-946C-E7CA1F0D3EE9}.Debug|Any CPU.Build.0 = Debug|Any CPU
		{62E081DF-70A1-4DDC-946C-E7CA1F0D3EE9}.Release|Any CPU.ActiveCfg = Release|Any CPU
		{62E081DF-70A1-4DDC-946C-E7CA1F0D3EE9}.Release|Any CPU.Build.0 = Release|Any CPU
		{CEFBA5E5-EA9F-404A-B50E-70FF5C8C96D0}.Debug|Any CPU.ActiveCfg = Debug|Any CPU
		{CEFBA5E5-EA9F-404A-B50E-70FF5C8C96D0}.Debug|Any CPU.Build.0 = Debug|Any CPU
		{CEFBA5E5-EA9F-404A-B50E-70FF5C8C96D0}.Release|Any CPU.ActiveCfg = Release|Any CPU
		{CEFBA5E5-EA9F-404A-B50E-70FF5C8C96D0}.Release|Any CPU.Build.0 = Release|Any CPU
	EndGlobalSection
	GlobalSection(SolutionProperties) = preSolution
		HideSolutionNode = FALSE
	EndGlobalSection
EndGlobal
